// !$*UTF8*$!
{
	archiveVersion = 1;
	classes = {
	};
	objectVersion = 46;
	objects = {

/* Begin PBXBuildFile section */
		8FA6CF261E6A16FD00A837AB /* AppDelegate.swift in Sources */ = {isa = PBXBuildFile; fileRef = 8FA6CF251E6A16FD00A837AB /* AppDelegate.swift */; };
		8FA6CF281E6A16FD00A837AB /* SignInVC.swift in Sources */ = {isa = PBXBuildFile; fileRef = 8FA6CF271E6A16FD00A837AB /* SignInVC.swift */; };
		8FA6CF2B1E6A16FD00A837AB /* Main.storyboard in Resources */ = {isa = PBXBuildFile; fileRef = 8FA6CF291E6A16FD00A837AB /* Main.storyboard */; };
		8FA6CF2E1E6A16FD00A837AB /* socialClone.xcdatamodeld in Sources */ = {isa = PBXBuildFile; fileRef = 8FA6CF2C1E6A16FD00A837AB /* socialClone.xcdatamodeld */; };
		8FA6CF301E6A16FD00A837AB /* Assets.xcassets in Resources */ = {isa = PBXBuildFile; fileRef = 8FA6CF2F1E6A16FD00A837AB /* Assets.xcassets */; };
		8FA6CF331E6A16FD00A837AB /* LaunchScreen.storyboard in Resources */ = {isa = PBXBuildFile; fileRef = 8FA6CF311E6A16FD00A837AB /* LaunchScreen.storyboard */; };
		8FA6CF3B1E6A17C100A837AB /* GoogleService-Info.plist in Resources */ = {isa = PBXBuildFile; fileRef = 8FA6CF3A1E6A17C100A837AB /* GoogleService-Info.plist */; };
		8FBFF9C01E71EEF7002F4398 /* SignUpParentVC.swift in Sources */ = {isa = PBXBuildFile; fileRef = 8FBFF9BF1E71EEF7002F4398 /* SignUpParentVC.swift */; };
		8FBFF9C21E71F769002F4398 /* SignUpWithPhoneVC.swift in Sources */ = {isa = PBXBuildFile; fileRef = 8FBFF9C11E71F769002F4398 /* SignUpWithPhoneVC.swift */; };
		8FBFF9C41E71F787002F4398 /* SignUpWithEmailVC.swift in Sources */ = {isa = PBXBuildFile; fileRef = 8FBFF9C31E71F787002F4398 /* SignUpWithEmailVC.swift */; };
		8FFA04991E70AA47004A62E4 /* FeedVC.swift in Sources */ = {isa = PBXBuildFile; fileRef = 8FFA04981E70AA47004A62E4 /* FeedVC.swift */; };
		8FFA049C1E70ABAB004A62E4 /* Constants.swift in Sources */ = {isa = PBXBuildFile; fileRef = 8FFA049B1E70ABAB004A62E4 /* Constants.swift */; };
		AEE13E1FF62807961404B08D /* Pods_socialClone.framework in Frameworks */ = {isa = PBXBuildFile; fileRef = 64A3766F895E7F1A94D9B883 /* Pods_socialClone.framework */; };
/* End PBXBuildFile section */

/* Begin PBXFileReference section */
		64A3766F895E7F1A94D9B883 /* Pods_socialClone.framework */ = {isa = PBXFileReference; explicitFileType = wrapper.framework; includeInIndex = 0; path = Pods_socialClone.framework; sourceTree = BUILT_PRODUCTS_DIR; };
		8FA6CF221E6A16FD00A837AB /* socialClone.app */ = {isa = PBXFileReference; explicitFileType = wrapper.application; includeInIndex = 0; path = socialClone.app; sourceTree = BUILT_PRODUCTS_DIR; };
		8FA6CF251E6A16FD00A837AB /* AppDelegate.swift */ = {isa = PBXFileReference; lastKnownFileType = sourcecode.swift; path = AppDelegate.swift; sourceTree = "<group>"; };
		8FA6CF271E6A16FD00A837AB /* SignInVC.swift */ = {isa = PBXFileReference; lastKnownFileType = sourcecode.swift; path = SignInVC.swift; sourceTree = "<group>"; };
		8FA6CF2A1E6A16FD00A837AB /* Base */ = {isa = PBXFileReference; lastKnownFileType = file.storyboard; name = Base; path = Base.lproj/Main.storyboard; sourceTree = "<group>"; };
		8FA6CF2D1E6A16FD00A837AB /* socialClone.xcdatamodel */ = {isa = PBXFileReference; lastKnownFileType = wrapper.xcdatamodel; path = socialClone.xcdatamodel; sourceTree = "<group>"; };
		8FA6CF2F1E6A16FD00A837AB /* Assets.xcassets */ = {isa = PBXFileReference; lastKnownFileType = folder.assetcatalog; path = Assets.xcassets; sourceTree = "<group>"; };
		8FA6CF321E6A16FD00A837AB /* Base */ = {isa = PBXFileReference; lastKnownFileType = file.storyboard; name = Base; path = Base.lproj/LaunchScreen.storyboard; sourceTree = "<group>"; };
		8FA6CF341E6A16FD00A837AB /* Info.plist */ = {isa = PBXFileReference; lastKnownFileType = text.plist.xml; path = Info.plist; sourceTree = "<group>"; };
		8FA6CF3A1E6A17C100A837AB /* GoogleService-Info.plist */ = {isa = PBXFileReference; fileEncoding = 4; lastKnownFileType = text.plist.xml; path = "GoogleService-Info.plist"; sourceTree = "<group>"; };
		8FBFF9BF1E71EEF7002F4398 /* SignUpParentVC.swift */ = {isa = PBXFileReference; fileEncoding = 4; lastKnownFileType = sourcecode.swift; path = SignUpParentVC.swift; sourceTree = "<group>"; };
		8FBFF9C11E71F769002F4398 /* SignUpWithPhoneVC.swift */ = {isa = PBXFileReference; fileEncoding = 4; lastKnownFileType = sourcecode.swift; path = SignUpWithPhoneVC.swift; sourceTree = "<group>"; };
		8FBFF9C31E71F787002F4398 /* SignUpWithEmailVC.swift */ = {isa = PBXFileReference; fileEncoding = 4; lastKnownFileType = sourcecode.swift; path = SignUpWithEmailVC.swift; sourceTree = "<group>"; };
		8FFA04971E70A6A3004A62E4 /* socialClone.entitlements */ = {isa = PBXFileReference; lastKnownFileType = text.plist.entitlements; path = socialClone.entitlements; sourceTree = "<group>"; };
		8FFA04981E70AA47004A62E4 /* FeedVC.swift */ = {isa = PBXFileReference; fileEncoding = 4; lastKnownFileType = sourcecode.swift; path = FeedVC.swift; sourceTree = "<group>"; };
		8FFA049B1E70ABAB004A62E4 /* Constants.swift */ = {isa = PBXFileReference; fileEncoding = 4; lastKnownFileType = sourcecode.swift; path = Constants.swift; sourceTree = "<group>"; };
		DB67A9934C71A2698C67EFA9 /* Pods-socialClone.debug.xcconfig */ = {isa = PBXFileReference; includeInIndex = 1; lastKnownFileType = text.xcconfig; name = "Pods-socialClone.debug.xcconfig"; path = "Pods/Target Support Files/Pods-socialClone/Pods-socialClone.debug.xcconfig"; sourceTree = "<group>"; };
		F4837ACE84E8830D63682731 /* Pods-socialClone.release.xcconfig */ = {isa = PBXFileReference; includeInIndex = 1; lastKnownFileType = text.xcconfig; name = "Pods-socialClone.release.xcconfig"; path = "Pods/Target Support Files/Pods-socialClone/Pods-socialClone.release.xcconfig"; sourceTree = "<group>"; };
/* End PBXFileReference section */

/* Begin PBXFrameworksBuildPhase section */
		8FA6CF1F1E6A16FD00A837AB /* Frameworks */ = {
			isa = PBXFrameworksBuildPhase;
			buildActionMask = 2147483647;
			files = (
				AEE13E1FF62807961404B08D /* Pods_socialClone.framework in Frameworks */,
			);
			runOnlyForDeploymentPostprocessing = 0;
		};
/* End PBXFrameworksBuildPhase section */

/* Begin PBXGroup section */
		8FA6CF191E6A16FD00A837AB = {
			isa = PBXGroup;
			children = (
				8FFA049A1E70AB8A004A62E4 /* Util */,
				8FA6CF241E6A16FD00A837AB /* socialClone */,
				8FA6CF231E6A16FD00A837AB /* Products */,
				AB3A882A8354FFFE9CE5590E /* Pods */,
				C315EA92422B082C9E6F6B59 /* Frameworks */,
			);
			sourceTree = "<group>";
		};
		8FA6CF231E6A16FD00A837AB /* Products */ = {
			isa = PBXGroup;
			children = (
				8FA6CF221E6A16FD00A837AB /* socialClone.app */,
			);
			name = Products;
			sourceTree = "<group>";
		};
		8FA6CF241E6A16FD00A837AB /* socialClone */ = {
			isa = PBXGroup;
			children = (
				8FFA04971E70A6A3004A62E4 /* socialClone.entitlements */,
				8FA6CF3E1E6A1A2C00A837AB /* Controller */,
				8FA6CF3D1E6A1A2700A837AB /* View */,
				8FA6CF3C1E6A1A1D00A837AB /* Model */,
				8FA6CF251E6A16FD00A837AB /* AppDelegate.swift */,
				8FA6CF291E6A16FD00A837AB /* Main.storyboard */,
				8FA6CF2F1E6A16FD00A837AB /* Assets.xcassets */,
				8FA6CF311E6A16FD00A837AB /* LaunchScreen.storyboard */,
				8FA6CF341E6A16FD00A837AB /* Info.plist */,
				8FA6CF2C1E6A16FD00A837AB /* socialClone.xcdatamodeld */,
				8FA6CF3A1E6A17C100A837AB /* GoogleService-Info.plist */,
			);
			path = socialClone;
			sourceTree = "<group>";
		};
		8FA6CF3C1E6A1A1D00A837AB /* Model */ = {
			isa = PBXGroup;
			children = (
			);
			name = Model;
			sourceTree = "<group>";
		};
		8FA6CF3D1E6A1A2700A837AB /* View */ = {
			isa = PBXGroup;
			children = (
			);
			name = View;
			sourceTree = "<group>";
		};
		8FA6CF3E1E6A1A2C00A837AB /* Controller */ = {
			isa = PBXGroup;
			children = (
				8FA6CF271E6A16FD00A837AB /* SignInVC.swift */,
				8FFA04981E70AA47004A62E4 /* FeedVC.swift */,
				8FBFF9BF1E71EEF7002F4398 /* SignUpParentVC.swift */,
				8FBFF9C11E71F769002F4398 /* SignUpWithPhoneVC.swift */,
				8FBFF9C31E71F787002F4398 /* SignUpWithEmailVC.swift */,
			);
			name = Controller;
			sourceTree = "<group>";
		};
		8FFA049A1E70AB8A004A62E4 /* Util */ = {
			isa = PBXGroup;
			children = (
				8FFA049B1E70ABAB004A62E4 /* Constants.swift */,
			);
			name = Util;
			sourceTree = "<group>";
		};
		AB3A882A8354FFFE9CE5590E /* Pods */ = {
			isa = PBXGroup;
			children = (
				DB67A9934C71A2698C67EFA9 /* Pods-socialClone.debug.xcconfig */,
				F4837ACE84E8830D63682731 /* Pods-socialClone.release.xcconfig */,
			);
			name = Pods;
			sourceTree = "<group>";
		};
		C315EA92422B082C9E6F6B59 /* Frameworks */ = {
			isa = PBXGroup;
			children = (
				64A3766F895E7F1A94D9B883 /* Pods_socialClone.framework */,
			);
			name = Frameworks;
			sourceTree = "<group>";
		};
/* End PBXGroup section */

/* Begin PBXNativeTarget section */
		8FA6CF211E6A16FD00A837AB /* socialClone */ = {
			isa = PBXNativeTarget;
			buildConfigurationList = 8FA6CF371E6A16FD00A837AB /* Build configuration list for PBXNativeTarget "socialClone" */;
			buildPhases = (
				AB8BB0CE3614D3BD2D6B7936 /* [CP] Check Pods Manifest.lock */,
				8FA6CF1E1E6A16FD00A837AB /* Sources */,
				8FA6CF1F1E6A16FD00A837AB /* Frameworks */,
				8FA6CF201E6A16FD00A837AB /* Resources */,
				8D53EDB0C6C4F7077253960C /* [CP] Embed Pods Frameworks */,
				E05C8DEDD922E92EF167589D /* [CP] Copy Pods Resources */,
			);
			buildRules = (
			);
			dependencies = (
			);
			name = socialClone;
			productName = socialClone;
			productReference = 8FA6CF221E6A16FD00A837AB /* socialClone.app */;
			productType = "com.apple.product-type.application";
		};
/* End PBXNativeTarget section */

/* Begin PBXProject section */
		8FA6CF1A1E6A16FD00A837AB /* Project object */ = {
			isa = PBXProject;
			attributes = {
				LastSwiftUpdateCheck = 0820;
				LastUpgradeCheck = 0820;
				ORGANIZATIONNAME = "Zhiyuan Cui";
				TargetAttributes = {
					8FA6CF211E6A16FD00A837AB = {
						CreatedOnToolsVersion = 8.2.1;
						DevelopmentTeam = 28TQRMSQ7K;
						ProvisioningStyle = Automatic;
						SystemCapabilities = {
							com.apple.Keychain = {
								enabled = 1;
							};
						};
					};
				};
			};
			buildConfigurationList = 8FA6CF1D1E6A16FD00A837AB /* Build configuration list for PBXProject "socialClone" */;
			compatibilityVersion = "Xcode 3.2";
			developmentRegion = English;
			hasScannedForEncodings = 0;
			knownRegions = (
				en,
				Base,
			);
			mainGroup = 8FA6CF191E6A16FD00A837AB;
			productRefGroup = 8FA6CF231E6A16FD00A837AB /* Products */;
			projectDirPath = "";
			projectRoot = "";
			targets = (
				8FA6CF211E6A16FD00A837AB /* socialClone */,
			);
		};
/* End PBXProject section */

/* Begin PBXResourcesBuildPhase section */
		8FA6CF201E6A16FD00A837AB /* Resources */ = {
			isa = PBXResourcesBuildPhase;
			buildActionMask = 2147483647;
			files = (
				8FA6CF331E6A16FD00A837AB /* LaunchScreen.storyboard in Resources */,
				8FA6CF3B1E6A17C100A837AB /* GoogleService-Info.plist in Resources */,
				8FA6CF301E6A16FD00A837AB /* Assets.xcassets in Resources */,
				8FA6CF2B1E6A16FD00A837AB /* Main.storyboard in Resources */,
			);
			runOnlyForDeploymentPostprocessing = 0;
		};
/* End PBXResourcesBuildPhase section */

/* Begin PBXShellScriptBuildPhase section */
		8D53EDB0C6C4F7077253960C /* [CP] Embed Pods Frameworks */ = {
			isa = PBXShellScriptBuildPhase;
			buildActionMask = 2147483647;
			files = (
			);
			inputPaths = (
			);
			name = "[CP] Embed Pods Frameworks";
			outputPaths = (
			);
			runOnlyForDeploymentPostprocessing = 0;
			shellPath = /bin/sh;
			shellScript = "\"${SRCROOT}/Pods/Target Support Files/Pods-socialClone/Pods-socialClone-frameworks.sh\"\n";
			showEnvVarsInLog = 0;
		};
		AB8BB0CE3614D3BD2D6B7936 /* [CP] Check Pods Manifest.lock */ = {
			isa = PBXShellScriptBuildPhase;
			buildActionMask = 2147483647;
			files = (
			);
			inputPaths = (
			);
			name = "[CP] Check Pods Manifest.lock";
			outputPaths = (
			);
			runOnlyForDeploymentPostprocessing = 0;
			shellPath = /bin/sh;
			shellScript = "diff \"${PODS_ROOT}/../Podfile.lock\" \"${PODS_ROOT}/Manifest.lock\" > /dev/null\nif [ $? != 0 ] ; then\n    # print error to STDERR\n    echo \"error: The sandbox is not in sync with the Podfile.lock. Run 'pod install' or update your CocoaPods installation.\" >&2\n    exit 1\nfi\n";
			showEnvVarsInLog = 0;
		};
		E05C8DEDD922E92EF167589D /* [CP] Copy Pods Resources */ = {
			isa = PBXShellScriptBuildPhase;
			buildActionMask = 2147483647;
			files = (
			);
			inputPaths = (
			);
			name = "[CP] Copy Pods Resources";
			outputPaths = (
			);
			runOnlyForDeploymentPostprocessing = 0;
			shellPath = /bin/sh;
			shellScript = "\"${SRCROOT}/Pods/Target Support Files/Pods-socialClone/Pods-socialClone-resources.sh\"\n";
			showEnvVarsInLog = 0;
		};
/* End PBXShellScriptBuildPhase section */

/* Begin PBXSourcesBuildPhase section */
		8FA6CF1E1E6A16FD00A837AB /* Sources */ = {
			isa = PBXSourcesBuildPhase;
			buildActionMask = 2147483647;
			files = (
				8FFA04991E70AA47004A62E4 /* FeedVC.swift in Sources */,
				8FA6CF281E6A16FD00A837AB /* SignInVC.swift in Sources */,
				8FBFF9C41E71F787002F4398 /* SignUpWithEmailVC.swift in Sources */,
				8FFA049C1E70ABAB004A62E4 /* Constants.swift in Sources */,
				8FBFF9C21E71F769002F4398 /* SignUpWithPhoneVC.swift in Sources */,
				8FA6CF2E1E6A16FD00A837AB /* socialClone.xcdatamodeld in Sources */,
				8FBFF9C01E71EEF7002F4398 /* SignUpParentVC.swift in Sources */,
				8FA6CF261E6A16FD00A837AB /* AppDelegate.swift in Sources */,
			);
			runOnlyForDeploymentPostprocessing = 0;
		};
/* End PBXSourcesBuildPhase section */

/* Begin PBXVariantGroup section */
		8FA6CF291E6A16FD00A837AB /* Main.storyboard */ = {
			isa = PBXVariantGroup;
			children = (
				8FA6CF2A1E6A16FD00A837AB /* Base */,
			);
			name = Main.storyboard;
			sourceTree = "<group>";
		};
		8FA6CF311E6A16FD00A837AB /* LaunchScreen.storyboard */ = {
			isa = PBXVariantGroup;
			children = (
				8FA6CF321E6A16FD00A837AB /* Base */,
			);
			name = LaunchScreen.storyboard;
			sourceTree = "<group>";
		};
/* End PBXVariantGroup section */

/* Begin XCBuildConfiguration section */
		8FA6CF351E6A16FD00A837AB /* Debug */ = {
			isa = XCBuildConfiguration;
			buildSettings = {
				ALWAYS_SEARCH_USER_PATHS = NO;
				CLANG_ANALYZER_NONNULL = YES;
				CLANG_CXX_LANGUAGE_STANDARD = "gnu++0x";
				CLANG_CXX_LIBRARY = "libc++";
				CLANG_ENABLE_MODULES = YES;
				CLANG_ENABLE_OBJC_ARC = YES;
				CLANG_WARN_BOOL_CONVERSION = YES;
				CLANG_WARN_CONSTANT_CONVERSION = YES;
				CLANG_WARN_DIRECT_OBJC_ISA_USAGE = YES_ERROR;
				CLANG_WARN_DOCUMENTATION_COMMENTS = YES;
				CLANG_WARN_EMPTY_BODY = YES;
				CLANG_WARN_ENUM_CONVERSION = YES;
				CLANG_WARN_INFINITE_RECURSION = YES;
				CLANG_WARN_INT_CONVERSION = YES;
				CLANG_WARN_OBJC_ROOT_CLASS = YES_ERROR;
				CLANG_WARN_SUSPICIOUS_MOVE = YES;
				CLANG_WARN_UNREACHABLE_CODE = YES;
				CLANG_WARN__DUPLICATE_METHOD_MATCH = YES;
				"CODE_SIGN_IDENTITY[sdk=iphoneos*]" = "iPhone Developer";
				COPY_PHASE_STRIP = NO;
				DEBUG_INFORMATION_FORMAT = dwarf;
				ENABLE_STRICT_OBJC_MSGSEND = YES;
				ENABLE_TESTABILITY = YES;
				GCC_C_LANGUAGE_STANDARD = gnu99;
				GCC_DYNAMIC_NO_PIC = NO;
				GCC_NO_COMMON_BLOCKS = YES;
				GCC_OPTIMIZATION_LEVEL = 0;
				GCC_PREPROCESSOR_DEFINITIONS = (
					"DEBUG=1",
					"$(inherited)",
				);
				GCC_WARN_64_TO_32_BIT_CONVERSION = YES;
				GCC_WARN_ABOUT_RETURN_TYPE = YES_ERROR;
				GCC_WARN_UNDECLARED_SELECTOR = YES;
				GCC_WARN_UNINITIALIZED_AUTOS = YES_AGGRESSIVE;
				GCC_WARN_UNUSED_FUNCTION = YES;
				GCC_WARN_UNUSED_VARIABLE = YES;
				IPHONEOS_DEPLOYMENT_TARGET = 10.2;
				MTL_ENABLE_DEBUG_INFO = YES;
				ONLY_ACTIVE_ARCH = YES;
				SDKROOT = iphoneos;
				SWIFT_ACTIVE_COMPILATION_CONDITIONS = DEBUG;
				SWIFT_OPTIMIZATION_LEVEL = "-Onone";
			};
			name = Debug;
		};
		8FA6CF361E6A16FD00A837AB /* Release */ = {
			isa = XCBuildConfiguration;
			buildSettings = {
				ALWAYS_SEARCH_USER_PATHS = NO;
				CLANG_ANALYZER_NONNULL = YES;
				CLANG_CXX_LANGUAGE_STANDARD = "gnu++0x";
				CLANG_CXX_LIBRARY = "libc++";
				CLANG_ENABLE_MODULES = YES;
				CLANG_ENABLE_OBJC_ARC = YES;
				CLANG_WARN_BOOL_CONVERSION = YES;
				CLANG_WARN_CONSTANT_CONVERSION = YES;
				CLANG_WARN_DIRECT_OBJC_ISA_USAGE = YES_ERROR;
				CLANG_WARN_DOCUMENTATION_COMMENTS = YES;
				CLANG_WARN_EMPTY_BODY = YES;
				CLANG_WARN_ENUM_CONVERSION = YES;
				CLANG_WARN_INFINITE_RECURSION = YES;
				CLANG_WARN_INT_CONVERSION = YES;
				CLANG_WARN_OBJC_ROOT_CLASS = YES_ERROR;
				CLANG_WARN_SUSPICIOUS_MOVE = YES;
				CLANG_WARN_UNREACHABLE_CODE = YES;
				CLANG_WARN__DUPLICATE_METHOD_MATCH = YES;
				"CODE_SIGN_IDENTITY[sdk=iphoneos*]" = "iPhone Developer";
				COPY_PHASE_STRIP = NO;
				DEBUG_INFORMATION_FORMAT = "dwarf-with-dsym";
				ENABLE_NS_ASSERTIONS = NO;
				ENABLE_STRICT_OBJC_MSGSEND = YES;
				GCC_C_LANGUAGE_STANDARD = gnu99;
				GCC_NO_COMMON_BLOCKS = YES;
				GCC_WARN_64_TO_32_BIT_CONVERSION = YES;
				GCC_WARN_ABOUT_RETURN_TYPE = YES_ERROR;
				GCC_WARN_UNDECLARED_SELECTOR = YES;
				GCC_WARN_UNINITIALIZED_AUTOS = YES_AGGRESSIVE;
				GCC_WARN_UNUSED_FUNCTION = YES;
				GCC_WARN_UNUSED_VARIABLE = YES;
				IPHONEOS_DEPLOYMENT_TARGET = 10.2;
				MTL_ENABLE_DEBUG_INFO = NO;
				SDKROOT = iphoneos;
				SWIFT_OPTIMIZATION_LEVEL = "-Owholemodule";
				VALIDATE_PRODUCT = YES;
			};
			name = Release;
		};
		8FA6CF381E6A16FD00A837AB /* Debug */ = {
			isa = XCBuildConfiguration;
			baseConfigurationReference = DB67A9934C71A2698C67EFA9 /* Pods-socialClone.debug.xcconfig */;
			buildSettings = {
				ASSETCATALOG_COMPILER_APPICON_NAME = AppIcon;
				CODE_SIGN_ENTITLEMENTS = socialClone/socialClone.entitlements;
				DEVELOPMENT_TEAM = 28TQRMSQ7K;
				INFOPLIST_FILE = socialClone/Info.plist;
				LD_RUNPATH_SEARCH_PATHS = "$(inherited) @executable_path/Frameworks";
				PRODUCT_BUNDLE_IDENTIFIER = com.zhiyuan.socialClone;
				PRODUCT_NAME = "$(TARGET_NAME)";
				SWIFT_VERSION = 3.0;
			};
			name = Debug;
		};
		8FA6CF391E6A16FD00A837AB /* Release */ = {
			isa = XCBuildConfiguration;
			baseConfigurationReference = F4837ACE84E8830D63682731 /* Pods-socialClone.release.xcconfig */;
			buildSettings = {
				ASSETCATALOG_COMPILER_APPICON_NAME = AppIcon;
				CODE_SIGN_ENTITLEMENTS = socialClone/socialClone.entitlements;
				DEVELOPMENT_TEAM = 28TQRMSQ7K;
				INFOPLIST_FILE = socialClone/Info.plist;
				LD_RUNPATH_SEARCH_PATHS = "$(inherited) @executable_path/Frameworks";
				PRODUCT_BUNDLE_IDENTIFIER = com.zhiyuan.socialClone;
				PRODUCT_NAME = "$(TARGET_NAME)";
				SWIFT_VERSION = 3.0;
			};
			name = Release;
		};
/* End XCBuildConfiguration section */

/* Begin XCConfigurationList section */
		8FA6CF1D1E6A16FD00A837AB /* Build configuration list for PBXProject "socialClone" */ = {
			isa = XCConfigurationList;
			buildConfigurations = (
				8FA6CF351E6A16FD00A837AB /* Debug */,
				8FA6CF361E6A16FD00A837AB /* Release */,
			);
			defaultConfigurationIsVisible = 0;
			defaultConfigurationName = Release;
		};
		8FA6CF371E6A16FD00A837AB /* Build configuration list for PBXNativeTarget "socialClone" */ = {
			isa = XCConfigurationList;
			buildConfigurations = (
				8FA6CF381E6A16FD00A837AB /* Debug */,
				8FA6CF391E6A16FD00A837AB /* Release */,
			);
			defaultConfigurationIsVisible = 0;
			defaultConfigurationName = Release;
		};
/* End XCConfigurationList section */

/* Begin XCVersionGroup section */
		8FA6CF2C1E6A16FD00A837AB /* socialClone.xcdatamodeld */ = {
			isa = XCVersionGroup;
			children = (
				8FA6CF2D1E6A16FD00A837AB /* socialClone.xcdatamodel */,
			);
			currentVersion = 8FA6CF2D1E6A16FD00A837AB /* socialClone.xcdatamodel */;
			path = socialClone.xcdatamodeld;
			sourceTree = "<group>";
			versionGroupType = wrapper.xcdatamodel;
		};
/* End XCVersionGroup section */
	};
	rootObject = 8FA6CF1A1E6A16FD00A837AB /* Project object */;
}
